
Microsoft Visual Studio Solution File, Format Version 12.00
# Visual Studio Version 16
VisualStudioVersion = 16.0.30717.126
MinimumVisualStudioVersion = 10.0.40219.1
Project("{FAE04EC0-301F-11D3-BF4B-00C04F79EFBC}") = "Quang.Web.API", "Quang.Web.API\Quang.Web.API.csproj", "{BA85794A-7E65-43C2-ACF2-29DD39547698}"
EndProject
Global
	GlobalSection(SolutionConfigurationPlatforms) = preSolution
		Debug|Any CPU = Debug|Any CPU
		Release|Any CPU = Release|Any CPU
	EndGlobalSection
	GlobalSection(ProjectConfigurationPlatforms) = postSolution
		{BA85794A-7E65-43C2-ACF2-29DD39547698}.Debug|Any CPU.ActiveCfg = Debug|Any CPU
		{BA85794A-7E65-43C2-ACF2-29DD39547698}.Debug|Any CPU.Build.0 = Debug|Any CPU
		{BA85794A-7E65-43C2-ACF2-29DD39547698}.Release|Any CPU.ActiveCfg = Release|Any CPU
		{BA85794A-7E65-43C2-ACF2-29DD39547698}.Release|Any CPU.Build.0 = Release|Any CPU
	EndGlobalSection
	GlobalSection(SolutionProperties) = preSolution
		HideSolutionNode = FALSE
	EndGlobalSection
	GlobalSection(ExtensibilityGlobals) = postSolution
		SolutionGuid = {9E31CC58-FE50-4D83-9694-D7DA85656AA3}
	EndGlobalSection
EndGlobal
